
Microsoft Visual Studio Solution File, Format Version 12.00
# Visual Studio 15
VisualStudioVersion = 15.0.28307.1062
MinimumVisualStudioVersion = 10.0.40219.1
Project("{8BC9CEB8-8B4A-11D0-8D11-00A0C91BC942}") = "config_project", "config_project\config_project.vcxproj", "{FE82435C-A667-42D0-B7E9-9DAD64A15C98}"
EndProject
Global
	GlobalSection(SolutionConfigurationPlatforms) = preSolution
		Debug|x64 = Debug|x64
		Debug|x86 = Debug|x86
		Release|x64 = Release|x64
		Release|x86 = Release|x86
	EndGlobalSection
	GlobalSection(ProjectConfigurationPlatforms) = postSolution
		{FE82435C-A667-42D0-B7E9-9DAD64A15C98}.Debug|x64.ActiveCfg = Debug|x64
		{FE82435C-A667-42D0-B7E9-9DAD64A15C98}.Debug|x64.Build.0 = Debug|x64
		{FE82435C-A667-42D0-B7E9-9DAD64A15C98}.Debug|x86.ActiveCfg = Debug|Win32
		{FE82435C-A667-42D0-B7E9-9DAD64A15C98}.Debug|x86.Build.0 = Debug|Win32
		{FE82435C-A667-42D0-B7E9-9DAD64A15C98}.Release|x64.ActiveCfg = Release|x64
		{FE82435C-A667-42D0-B7E9-9DAD64A15C98}.Release|x64.Build.0 = Release|x64
		{FE82435C-A667-42D0-B7E9-9DAD64A15C98}.Release|x86.ActiveCfg = Release|Win32
		{FE82435C-A667-42D0-B7E9-9DAD64A15C98}.Release|x86.Build.0 = Release|Win32
	EndGlobalSection
	GlobalSection(SolutionProperties) = preSolution
		HideSolutionNode = FALSE
	EndGlobalSection
	GlobalSection(ExtensibilityGlobals) = postSolution
		SolutionGuid = {BF76A570-F614-4122-975C-E90C805BC201}
	EndGlobalSection
EndGlobal
